
Microsoft Visual Studio Solution File, Format Version 12.00
# Visual Studio Version 17
VisualStudioVersion = 17.7.34221.43
MinimumVisualStudioVersion = 10.0.40219.1
Project("{FAE04EC0-301F-11D3-BF4B-00C04F79EFBC}") = "Entities", "Entities\Entities.csproj", "{9C34483E-107D-4897-84B6-8D9500EF9D1B}"
EndProject
Project("{FAE04EC0-301F-11D3-BF4B-00C04F79EFBC}") = "DataAccess", "DataAccess\DataAccess.csproj", "{5912019C-A774-4F3C-8349-F19DF53BD4E9}"
EndProject
Project("{FAE04EC0-301F-11D3-BF4B-00C04F79EFBC}") = "Business", "Business\Business.csproj", "{BA8B9CAA-5D14-46F2-8E75-43C0EEC8160D}"
EndProject
Project("{FAE04EC0-301F-11D3-BF4B-00C04F79EFBC}") = "Core", "Core\Core.csproj", "{A8618951-57D4-4A7B-A483-AE4668110C85}"
EndProject
Global
	GlobalSection(SolutionConfigurationPlatforms) = preSolution
		Debug|Any CPU = Debug|Any CPU
		Release|Any CPU = Release|Any CPU
	EndGlobalSection
	GlobalSection(ProjectConfigurationPlatforms) = postSolution
		{9C34483E-107D-4897-84B6-8D9500EF9D1B}.Debug|Any CPU.ActiveCfg = Debug|Any CPU
		{9C34483E-107D-4897-84B6-8D9500EF9D1B}.Debug|Any CPU.Build.0 = Debug|Any CPU
		{9C34483E-107D-4897-84B6-8D9500EF9D1B}.Release|Any CPU.ActiveCfg = Release|Any CPU
		{9C34483E-107D-4897-84B6-8D9500EF9D1B}.Release|Any CPU.Build.0 = Release|Any CPU
		{5912019C-A774-4F3C-8349-F19DF53BD4E9}.Debug|Any CPU.ActiveCfg = Debug|Any CPU
		{5912019C-A774-4F3C-8349-F19DF53BD4E9}.Debug|Any CPU.Build.0 = Debug|Any CPU
		{5912019C-A774-4F3C-8349-F19DF53BD4E9}.Release|Any CPU.ActiveCfg = Release|Any CPU
		{5912019C-A774-4F3C-8349-F19DF53BD4E9}.Release|Any CPU.Build.0 = Release|Any CPU
		{BA8B9CAA-5D14-46F2-8E75-43C0EEC8160D}.Debug|Any CPU.ActiveCfg = Debug|Any CPU
		{BA8B9CAA-5D14-46F2-8E75-43C0EEC8160D}.Debug|Any CPU.Build.0 = Debug|Any CPU
		{BA8B9CAA-5D14-46F2-8E75-43C0EEC8160D}.Release|Any CPU.ActiveCfg = Release|Any CPU
		{BA8B9CAA-5D14-46F2-8E75-43C0EEC8160D}.Release|Any CPU.Build.0 = Release|Any CPU
		{A8618951-57D4-4A7B-A483-AE4668110C85}.Debug|Any CPU.ActiveCfg = Debug|Any CPU
		{A8618951-57D4-4A7B-A483-AE4668110C85}.Debug|Any CPU.Build.0 = Debug|Any CPU
		{A8618951-57D4-4A7B-A483-AE4668110C85}.Release|Any CPU.ActiveCfg = Release|Any CPU
		{A8618951-57D4-4A7B-A483-AE4668110C85}.Release|Any CPU.Build.0 = Release|Any CPU
	EndGlobalSection
	GlobalSection(SolutionProperties) = preSolution
		HideSolutionNode = FALSE
	EndGlobalSection
	GlobalSection(ExtensibilityGlobals) = postSolution
		SolutionGuid = {565A131A-B98E-470C-927D-EE4C20DBF919}
	EndGlobalSection
EndGlobal
